// !$*UTF8*$!
{
	archiveVersion = 1;
	classes = {
	};
	objectVersion = 55;
	objects = {

/* Begin PBXBuildFile section */
		796A1F6628E1A82700615F59 /* fizzBuzzApp.swift in Sources */ = {isa = PBXBuildFile; fileRef = 796A1F6528E1A82700615F59 /* fizzBuzzApp.swift */; };
		796A1F6828E1A82700615F59 /* ContentView.swift in Sources */ = {isa = PBXBuildFile; fileRef = 796A1F6728E1A82700615F59 /* ContentView.swift */; };
		796A1F6A28E1A82D00615F59 /* Assets.xcassets in Resources */ = {isa = PBXBuildFile; fileRef = 796A1F6928E1A82D00615F59 /* Assets.xcassets */; };
		796A1F6D28E1A82D00615F59 /* Preview Assets.xcassets in Resources */ = {isa = PBXBuildFile; fileRef = 796A1F6C28E1A82D00615F59 /* Preview Assets.xcassets */; };
		796A1F7728E1A82E00615F59 /* fizzBuzzTests.swift in Sources */ = {isa = PBXBuildFile; fileRef = 796A1F7628E1A82E00615F59 /* fizzBuzzTests.swift */; };
		796A1F8128E1A82E00615F59 /* fizzBuzzUITests.swift in Sources */ = {isa = PBXBuildFile; fileRef = 796A1F8028E1A82E00615F59 /* fizzBuzzUITests.swift */; };
		796A1F8328E1A82E00615F59 /* fizzBuzzUITestsLaunchTests.swift in Sources */ = {isa = PBXBuildFile; fileRef = 796A1F8228E1A82E00615F59 /* fizzBuzzUITestsLaunchTests.swift */; };
		796A1F9428E1B0CE00615F59 /* ResultsView.swift in Sources */ = {isa = PBXBuildFile; fileRef = 796A1F9328E1B0CE00615F59 /* ResultsView.swift */; };
		796A1F9728E1B2B500615F59 /* ViewModel.swift in Sources */ = {isa = PBXBuildFile; fileRef = 796A1F9528E1B2B400615F59 /* ViewModel.swift */; };
		796A1F9828E1B2B500615F59 /* ViewModel+Scrolling.swift in Sources */ = {isa = PBXBuildFile; fileRef = 796A1F9628E1B2B500615F59 /* ViewModel+Scrolling.swift */; };
		796A1F9A28E1B2C800615F59 /* ItemModel.swift in Sources */ = {isa = PBXBuildFile; fileRef = 796A1F9928E1B2C800615F59 /* ItemModel.swift */; };
		796A1F9C28E1B2E100615F59 /* Interactor.swift in Sources */ = {isa = PBXBuildFile; fileRef = 796A1F9B28E1B2E100615F59 /* Interactor.swift */; };
		796A1F9E28E1B34C00615F59 /* Interactor+Bonus.swift in Sources */ = {isa = PBXBuildFile; fileRef = 796A1F9D28E1B34C00615F59 /* Interactor+Bonus.swift */; };
/* End PBXBuildFile section */

/* Begin PBXContainerItemProxy section */
		796A1F7328E1A82D00615F59 /* PBXContainerItemProxy */ = {
			isa = PBXContainerItemProxy;
			containerPortal = 796A1F5A28E1A82700615F59 /* Project object */;
			proxyType = 1;
			remoteGlobalIDString = 796A1F6128E1A82700615F59;
			remoteInfo = fizzBuzz;
		};
		796A1F7D28E1A82E00615F59 /* PBXContainerItemProxy */ = {
			isa = PBXContainerItemProxy;
			containerPortal = 796A1F5A28E1A82700615F59 /* Project object */;
			proxyType = 1;
			remoteGlobalIDString = 796A1F6128E1A82700615F59;
			remoteInfo = fizzBuzz;
		};
/* End PBXContainerItemProxy section */

/* Begin PBXFileReference section */
		796A1F6228E1A82700615F59 /* fizzBuzz.app */ = {isa = PBXFileReference; explicitFileType = wrapper.application; includeInIndex = 0; path = fizzBuzz.app; sourceTree = BUILT_PRODUCTS_DIR; };
		796A1F6528E1A82700615F59 /* fizzBuzzApp.swift */ = {isa = PBXFileReference; lastKnownFileType = sourcecode.swift; path = fizzBuzzApp.swift; sourceTree = "<group>"; };
		796A1F6728E1A82700615F59 /* ContentView.swift */ = {isa = PBXFileReference; lastKnownFileType = sourcecode.swift; path = ContentView.swift; sourceTree = "<group>"; };
		796A1F6928E1A82D00615F59 /* Assets.xcassets */ = {isa = PBXFileReference; lastKnownFileType = folder.assetcatalog; path = Assets.xcassets; sourceTree = "<group>"; };
		796A1F6C28E1A82D00615F59 /* Preview Assets.xcassets */ = {isa = PBXFileReference; lastKnownFileType = folder.assetcatalog; path = "Preview Assets.xcassets"; sourceTree = "<group>"; };
		796A1F7228E1A82D00615F59 /* fizzBuzzTests.xctest */ = {isa = PBXFileReference; explicitFileType = wrapper.cfbundle; includeInIndex = 0; path = fizzBuzzTests.xctest; sourceTree = BUILT_PRODUCTS_DIR; };
		796A1F7628E1A82E00615F59 /* fizzBuzzTests.swift */ = {isa = PBXFileReference; lastKnownFileType = sourcecode.swift; path = fizzBuzzTests.swift; sourceTree = "<group>"; };
		796A1F7C28E1A82E00615F59 /* fizzBuzzUITests.xctest */ = {isa = PBXFileReference; explicitFileType = wrapper.cfbundle; includeInIndex = 0; path = fizzBuzzUITests.xctest; sourceTree = BUILT_PRODUCTS_DIR; };
		796A1F8028E1A82E00615F59 /* fizzBuzzUITests.swift */ = {isa = PBXFileReference; lastKnownFileType = sourcecode.swift; path = fizzBuzzUITests.swift; sourceTree = "<group>"; };
		796A1F8228E1A82E00615F59 /* fizzBuzzUITestsLaunchTests.swift */ = {isa = PBXFileReference; lastKnownFileType = sourcecode.swift; path = fizzBuzzUITestsLaunchTests.swift; sourceTree = "<group>"; };
		796A1F9328E1B0CE00615F59 /* ResultsView.swift */ = {isa = PBXFileReference; lastKnownFileType = sourcecode.swift; path = ResultsView.swift; sourceTree = "<group>"; };
		796A1F9528E1B2B400615F59 /* ViewModel.swift */ = {isa = PBXFileReference; fileEncoding = 4; lastKnownFileType = sourcecode.swift; path = ViewModel.swift; sourceTree = "<group>"; };
		796A1F9628E1B2B500615F59 /* ViewModel+Scrolling.swift */ = {isa = PBXFileReference; fileEncoding = 4; lastKnownFileType = sourcecode.swift; path = "ViewModel+Scrolling.swift"; sourceTree = "<group>"; };
		796A1F9928E1B2C800615F59 /* ItemModel.swift */ = {isa = PBXFileReference; fileEncoding = 4; lastKnownFileType = sourcecode.swift; path = ItemModel.swift; sourceTree = "<group>"; };
		796A1F9B28E1B2E100615F59 /* Interactor.swift */ = {isa = PBXFileReference; fileEncoding = 4; lastKnownFileType = sourcecode.swift; path = Interactor.swift; sourceTree = "<group>"; };
		796A1F9D28E1B34C00615F59 /* Interactor+Bonus.swift */ = {isa = PBXFileReference; fileEncoding = 4; lastKnownFileType = sourcecode.swift; path = "Interactor+Bonus.swift"; sourceTree = "<group>"; };
/* End PBXFileReference section */

/* Begin PBXFrameworksBuildPhase section */
		796A1F5F28E1A82700615F59 /* Frameworks */ = {
			isa = PBXFrameworksBuildPhase;
			buildActionMask = 2147483647;
			files = (
			);
			runOnlyForDeploymentPostprocessing = 0;
		};
		796A1F6F28E1A82D00615F59 /* Frameworks */ = {
			isa = PBXFrameworksBuildPhase;
			buildActionMask = 2147483647;
			files = (
			);
			runOnlyForDeploymentPostprocessing = 0;
		};
		796A1F7928E1A82E00615F59 /* Frameworks */ = {
			isa = PBXFrameworksBuildPhase;
			buildActionMask = 2147483647;
			files = (
			);
			runOnlyForDeploymentPostprocessing = 0;
		};
/* End PBXFrameworksBuildPhase section */

/* Begin PBXGroup section */
		796A1F5928E1A82700615F59 = {
			isa = PBXGroup;
			children = (
				796A1F6428E1A82700615F59 /* fizzBuzz */,
				796A1F7528E1A82E00615F59 /* fizzBuzzTests */,
				796A1F7F28E1A82E00615F59 /* fizzBuzzUITests */,
				796A1F6328E1A82700615F59 /* Products */,
			);
			sourceTree = "<group>";
		};
		796A1F6328E1A82700615F59 /* Products */ = {
			isa = PBXGroup;
			children = (
				796A1F6228E1A82700615F59 /* fizzBuzz.app */,
				796A1F7228E1A82D00615F59 /* fizzBuzzTests.xctest */,
				796A1F7C28E1A82E00615F59 /* fizzBuzzUITests.xctest */,
			);
			name = Products;
			sourceTree = "<group>";
		};
		796A1F6428E1A82700615F59 /* fizzBuzz */ = {
			isa = PBXGroup;
			children = (
				796A1F6528E1A82700615F59 /* fizzBuzzApp.swift */,
				796A1F6928E1A82D00615F59 /* Assets.xcassets */,
				796A1F9228E1B09400615F59 /* Interactors */,
				796A1F8F28E1B09400615F59 /* Models */,
				796A1F9128E1B09400615F59 /* ViewModels */,
				796A1F9028E1B09400615F59 /* Views */,
				796A1F6B28E1A82D00615F59 /* Preview Content */,
			);
			path = fizzBuzz;
			sourceTree = "<group>";
		};
		796A1F6B28E1A82D00615F59 /* Preview Content */ = {
			isa = PBXGroup;
			children = (
				796A1F6C28E1A82D00615F59 /* Preview Assets.xcassets */,
			);
			path = "Preview Content";
			sourceTree = "<group>";
		};
		796A1F7528E1A82E00615F59 /* fizzBuzzTests */ = {
			isa = PBXGroup;
			children = (
				796A1F7628E1A82E00615F59 /* fizzBuzzTests.swift */,
			);
			path = fizzBuzzTests;
			sourceTree = "<group>";
		};
		796A1F7F28E1A82E00615F59 /* fizzBuzzUITests */ = {
			isa = PBXGroup;
			children = (
				796A1F8028E1A82E00615F59 /* fizzBuzzUITests.swift */,
				796A1F8228E1A82E00615F59 /* fizzBuzzUITestsLaunchTests.swift */,
			);
			path = fizzBuzzUITests;
			sourceTree = "<group>";
		};
		796A1F8F28E1B09400615F59 /* Models */ = {
			isa = PBXGroup;
			children = (
				796A1F9928E1B2C800615F59 /* ItemModel.swift */,
			);
			path = Models;
			sourceTree = "<group>";
		};
		796A1F9028E1B09400615F59 /* Views */ = {
			isa = PBXGroup;
			children = (
				796A1F6728E1A82700615F59 /* ContentView.swift */,
				796A1F9328E1B0CE00615F59 /* ResultsView.swift */,
			);
			path = Views;
			sourceTree = "<group>";
		};
		796A1F9128E1B09400615F59 /* ViewModels */ = {
			isa = PBXGroup;
			children = (
				796A1F9528E1B2B400615F59 /* ViewModel.swift */,
				796A1F9628E1B2B500615F59 /* ViewModel+Scrolling.swift */,
			);
			path = ViewModels;
			sourceTree = "<group>";
		};
		796A1F9228E1B09400615F59 /* Interactors */ = {
			isa = PBXGroup;
			children = (
				796A1F9B28E1B2E100615F59 /* Interactor.swift */,
				796A1F9D28E1B34C00615F59 /* Interactor+Bonus.swift */,
			);
			path = Interactors;
			sourceTree = "<group>";
		};
/* End PBXGroup section */

/* Begin PBXNativeTarget section */
		796A1F6128E1A82700615F59 /* fizzBuzz */ = {
			isa = PBXNativeTarget;
			buildConfigurationList = 796A1F8628E1A82E00615F59 /* Build configuration list for PBXNativeTarget "fizzBuzz" */;
			buildPhases = (
				796A1F5E28E1A82700615F59 /* Sources */,
				796A1F5F28E1A82700615F59 /* Frameworks */,
				796A1F6028E1A82700615F59 /* Resources */,
			);
			buildRules = (
			);
			dependencies = (
			);
			name = fizzBuzz;
			productName = fizzBuzz;
			productReference = 796A1F6228E1A82700615F59 /* fizzBuzz.app */;
			productType = "com.apple.product-type.application";
		};
		796A1F7128E1A82D00615F59 /* fizzBuzzTests */ = {
			isa = PBXNativeTarget;
			buildConfigurationList = 796A1F8928E1A82E00615F59 /* Build configuration list for PBXNativeTarget "fizzBuzzTests" */;
			buildPhases = (
				796A1F6E28E1A82D00615F59 /* Sources */,
				796A1F6F28E1A82D00615F59 /* Frameworks */,
				796A1F7028E1A82D00615F59 /* Resources */,
			);
			buildRules = (
			);
			dependencies = (
				796A1F7428E1A82D00615F59 /* PBXTargetDependency */,
			);
			name = fizzBuzzTests;
			productName = fizzBuzzTests;
			productReference = 796A1F7228E1A82D00615F59 /* fizzBuzzTests.xctest */;
			productType = "com.apple.product-type.bundle.unit-test";
		};
		796A1F7B28E1A82E00615F59 /* fizzBuzzUITests */ = {
			isa = PBXNativeTarget;
			buildConfigurationList = 796A1F8C28E1A82E00615F59 /* Build configuration list for PBXNativeTarget "fizzBuzzUITests" */;
			buildPhases = (
				796A1F7828E1A82E00615F59 /* Sources */,
				796A1F7928E1A82E00615F59 /* Frameworks */,
				796A1F7A28E1A82E00615F59 /* Resources */,
			);
			buildRules = (
			);
			dependencies = (
				796A1F7E28E1A82E00615F59 /* PBXTargetDependency */,
			);
			name = fizzBuzzUITests;
			productName = fizzBuzzUITests;
			productReference = 796A1F7C28E1A82E00615F59 /* fizzBuzzUITests.xctest */;
			productType = "com.apple.product-type.bundle.ui-testing";
		};
/* End PBXNativeTarget section */

/* Begin PBXProject section */
		796A1F5A28E1A82700615F59 /* Project object */ = {
			isa = PBXProject;
			attributes = {
				BuildIndependentTargetsInParallel = 1;
				LastSwiftUpdateCheck = 1320;
				LastUpgradeCheck = 1320;
				TargetAttributes = {
					796A1F6128E1A82700615F59 = {
						CreatedOnToolsVersion = 13.2.1;
					};
					796A1F7128E1A82D00615F59 = {
						CreatedOnToolsVersion = 13.2.1;
						TestTargetID = 796A1F6128E1A82700615F59;
					};
					796A1F7B28E1A82E00615F59 = {
						CreatedOnToolsVersion = 13.2.1;
						TestTargetID = 796A1F6128E1A82700615F59;
					};
				};
			};
			buildConfigurationList = 796A1F5D28E1A82700615F59 /* Build configuration list for PBXProject "fizzBuzz" */;
			compatibilityVersion = "Xcode 13.0";
			developmentRegion = en;
			hasScannedForEncodings = 0;
			knownRegions = (
				en,
				Base,
			);
			mainGroup = 796A1F5928E1A82700615F59;
			productRefGroup = 796A1F6328E1A82700615F59 /* Products */;
			projectDirPath = "";
			projectRoot = "";
			targets = (
				796A1F6128E1A82700615F59 /* fizzBuzz */,
				796A1F7128E1A82D00615F59 /* fizzBuzzTests */,
				796A1F7B28E1A82E00615F59 /* fizzBuzzUITests */,
			);
		};
/* End PBXProject section */

/* Begin PBXResourcesBuildPhase section */
		796A1F6028E1A82700615F59 /* Resources */ = {
			isa = PBXResourcesBuildPhase;
			buildActionMask = 2147483647;
			files = (
				796A1F6D28E1A82D00615F59 /* Preview Assets.xcassets in Resources */,
				796A1F6A28E1A82D00615F59 /* Assets.xcassets in Resources */,
			);
			runOnlyForDeploymentPostprocessing = 0;
		};
		796A1F7028E1A82D00615F59 /* Resources */ = {
			isa = PBXResourcesBuildPhase;
			buildActionMask = 2147483647;
			files = (
			);
			runOnlyForDeploymentPostprocessing = 0;
		};
		796A1F7A28E1A82E00615F59 /* Resources */ = {
			isa = PBXResourcesBuildPhase;
			buildActionMask = 2147483647;
			files = (
			);
			runOnlyForDeploymentPostprocessing = 0;
		};
/* End PBXResourcesBuildPhase section */

/* Begin PBXSourcesBuildPhase section */
		796A1F5E28E1A82700615F59 /* Sources */ = {
			isa = PBXSourcesBuildPhase;
			buildActionMask = 2147483647;
			files = (
				796A1F9A28E1B2C800615F59 /* ItemModel.swift in Sources */,
				796A1F6828E1A82700615F59 /* ContentView.swift in Sources */,
				796A1F9428E1B0CE00615F59 /* ResultsView.swift in Sources */,
				796A1F9828E1B2B500615F59 /* ViewModel+Scrolling.swift in Sources */,
				796A1F9728E1B2B500615F59 /* ViewModel.swift in Sources */,
				796A1F9C28E1B2E100615F59 /* Interactor.swift in Sources */,
				796A1F9E28E1B34C00615F59 /* Interactor+Bonus.swift in Sources */,
				796A1F6628E1A82700615F59 /* fizzBuzzApp.swift in Sources */,
			);
			runOnlyForDeploymentPostprocessing = 0;
		};
		796A1F6E28E1A82D00615F59 /* Sources */ = {
			isa = PBXSourcesBuildPhase;
			buildActionMask = 2147483647;
			files = (
				796A1F7728E1A82E00615F59 /* fizzBuzzTests.swift in Sources */,
			);
			runOnlyForDeploymentPostprocessing = 0;
		};
		796A1F7828E1A82E00615F59 /* Sources */ = {
			isa = PBXSourcesBuildPhase;
			buildActionMask = 2147483647;
			files = (
				796A1F8328E1A82E00615F59 /* fizzBuzzUITestsLaunchTests.swift in Sources */,
				796A1F8128E1A82E00615F59 /* fizzBuzzUITests.swift in Sources */,
			);
			runOnlyForDeploymentPostprocessing = 0;
		};
/* End PBXSourcesBuildPhase section */

/* Begin PBXTargetDependency section */
		796A1F7428E1A82D00615F59 /* PBXTargetDependency */ = {
			isa = PBXTargetDependency;
			target = 796A1F6128E1A82700615F59 /* fizzBuzz */;
			targetProxy = 796A1F7328E1A82D00615F59 /* PBXContainerItemProxy */;
		};
		796A1F7E28E1A82E00615F59 /* PBXTargetDependency */ = {
			isa = PBXTargetDependency;
			target = 796A1F6128E1A82700615F59 /* fizzBuzz */;
			targetProxy = 796A1F7D28E1A82E00615F59 /* PBXContainerItemProxy */;
		};
/* End PBXTargetDependency section */

/* Begin XCBuildConfiguration section */
		796A1F8428E1A82E00615F59 /* Debug */ = {
			isa = XCBuildConfiguration;
			buildSettings = {
				ALWAYS_SEARCH_USER_PATHS = NO;
				CLANG_ANALYZER_NONNULL = YES;
				CLANG_ANALYZER_NUMBER_OBJECT_CONVERSION = YES_AGGRESSIVE;
				CLANG_CXX_LANGUAGE_STANDARD = "gnu++17";
				CLANG_CXX_LIBRARY = "libc++";
				CLANG_ENABLE_MODULES = YES;
				CLANG_ENABLE_OBJC_ARC = YES;
				CLANG_ENABLE_OBJC_WEAK = YES;
				CLANG_WARN_BLOCK_CAPTURE_AUTORELEASING = YES;
				CLANG_WARN_BOOL_CONVERSION = YES;
				CLANG_WARN_COMMA = YES;
				CLANG_WARN_CONSTANT_CONVERSION = YES;
				CLANG_WARN_DEPRECATED_OBJC_IMPLEMENTATIONS = YES;
				CLANG_WARN_DIRECT_OBJC_ISA_USAGE = YES_ERROR;
				CLANG_WARN_DOCUMENTATION_COMMENTS = YES;
				CLANG_WARN_EMPTY_BODY = YES;
				CLANG_WARN_ENUM_CONVERSION = YES;
				CLANG_WARN_INFINITE_RECURSION = YES;
				CLANG_WARN_INT_CONVERSION = YES;
				CLANG_WARN_NON_LITERAL_NULL_CONVERSION = YES;
				CLANG_WARN_OBJC_IMPLICIT_RETAIN_SELF = YES;
				CLANG_WARN_OBJC_LITERAL_CONVERSION = YES;
				CLANG_WARN_OBJC_ROOT_CLASS = YES_ERROR;
				CLANG_WARN_QUOTED_INCLUDE_IN_FRAMEWORK_HEADER = YES;
				CLANG_WARN_RANGE_LOOP_ANALYSIS = YES;
				CLANG_WARN_STRICT_PROTOTYPES = YES;
				CLANG_WARN_SUSPICIOUS_MOVE = YES;
				CLANG_WARN_UNGUARDED_AVAILABILITY = YES_AGGRESSIVE;
				CLANG_WARN_UNREACHABLE_CODE = YES;
				CLANG_WARN__DUPLICATE_METHOD_MATCH = YES;
				COPY_PHASE_STRIP = NO;
				DEBUG_INFORMATION_FORMAT = dwarf;
				ENABLE_STRICT_OBJC_MSGSEND = YES;
				ENABLE_TESTABILITY = YES;
				GCC_C_LANGUAGE_STANDARD = gnu11;
				GCC_DYNAMIC_NO_PIC = NO;
				GCC_NO_COMMON_BLOCKS = YES;
				GCC_OPTIMIZATION_LEVEL = 0;
				GCC_PREPROCESSOR_DEFINITIONS = (
					"DEBUG=1",
					"$(inherited)",
				);
				GCC_WARN_64_TO_32_BIT_CONVERSION = YES;
				GCC_WARN_ABOUT_RETURN_TYPE = YES_ERROR;
				GCC_WARN_UNDECLARED_SELECTOR = YES;
				GCC_WARN_UNINITIALIZED_AUTOS = YES_AGGRESSIVE;
				GCC_WARN_UNUSED_FUNCTION = YES;
				GCC_WARN_UNUSED_VARIABLE = YES;
				IPHONEOS_DEPLOYMENT_TARGET = 15.2;
				MTL_ENABLE_DEBUG_INFO = INCLUDE_SOURCE;
				MTL_FAST_MATH = YES;
				ONLY_ACTIVE_ARCH = YES;
				SDKROOT = iphoneos;
				SWIFT_ACTIVE_COMPILATION_CONDITIONS = DEBUG;
				SWIFT_OPTIMIZATION_LEVEL = "-Onone";
			};
			name = Debug;
		};
		796A1F8528E1A82E00615F59 /* Release */ = {
			isa = XCBuildConfiguration;
			buildSettings = {
				ALWAYS_SEARCH_USER_PATHS = NO;
				CLANG_ANALYZER_NONNULL = YES;
				CLANG_ANALYZER_NUMBER_OBJECT_CONVERSION = YES_AGGRESSIVE;
				CLANG_CXX_LANGUAGE_STANDARD = "gnu++17";
				CLANG_CXX_LIBRARY = "libc++";
				CLANG_ENABLE_MODULES = YES;
				CLANG_ENABLE_OBJC_ARC = YES;
				CLANG_ENABLE_OBJC_WEAK = YES;
				CLANG_WARN_BLOCK_CAPTURE_AUTORELEASING = YES;
				CLANG_WARN_BOOL_CONVERSION = YES;
				CLANG_WARN_COMMA = YES;
				CLANG_WARN_CONSTANT_CONVERSION = YES;
				CLANG_WARN_DEPRECATED_OBJC_IMPLEMENTATIONS = YES;
				CLANG_WARN_DIRECT_OBJC_ISA_USAGE = YES_ERROR;
				CLANG_WARN_DOCUMENTATION_COMMENTS = YES;
				CLANG_WARN_EMPTY_BODY = YES;
				CLANG_WARN_ENUM_CONVERSION = YES;
				CLANG_WARN_INFINITE_RECURSION = YES;
				CLANG_WARN_INT_CONVERSION = YES;
				CLANG_WARN_NON_LITERAL_NULL_CONVERSION = YES;
				CLANG_WARN_OBJC_IMPLICIT_RETAIN_SELF = YES;
				CLANG_WARN_OBJC_LITERAL_CONVERSION = YES;
				CLANG_WARN_OBJC_ROOT_CLASS = YES_ERROR;
				CLANG_WARN_QUOTED_INCLUDE_IN_FRAMEWORK_HEADER = YES;
				CLANG_WARN_RANGE_LOOP_ANALYSIS = YES;
				CLANG_WARN_STRICT_PROTOTYPES = YES;
				CLANG_WARN_SUSPICIOUS_MOVE = YES;
				CLANG_WARN_UNGUARDED_AVAILABILITY = YES_AGGRESSIVE;
				CLANG_WARN_UNREACHABLE_CODE = YES;
				CLANG_WARN__DUPLICATE_METHOD_MATCH = YES;
				COPY_PHASE_STRIP = NO;
				DEBUG_INFORMATION_FORMAT = "dwarf-with-dsym";
				ENABLE_NS_ASSERTIONS = NO;
				ENABLE_STRICT_OBJC_MSGSEND = YES;
				GCC_C_LANGUAGE_STANDARD = gnu11;
				GCC_NO_COMMON_BLOCKS = YES;
				GCC_WARN_64_TO_32_BIT_CONVERSION = YES;
				GCC_WARN_ABOUT_RETURN_TYPE = YES_ERROR;
				GCC_WARN_UNDECLARED_SELECTOR = YES;
				GCC_WARN_UNINITIALIZED_AUTOS = YES_AGGRESSIVE;
				GCC_WARN_UNUSED_FUNCTION = YES;
				GCC_WARN_UNUSED_VARIABLE = YES;
				IPHONEOS_DEPLOYMENT_TARGET = 15.2;
				MTL_ENABLE_DEBUG_INFO = NO;
				MTL_FAST_MATH = YES;
				SDKROOT = iphoneos;
				SWIFT_COMPILATION_MODE = wholemodule;
				SWIFT_OPTIMIZATION_LEVEL = "-O";
				VALIDATE_PRODUCT = YES;
			};
			name = Release;
		};
		796A1F8728E1A82E00615F59 /* Debug */ = {
			isa = XCBuildConfiguration;
			buildSettings = {
				ASSETCATALOG_COMPILER_APPICON_NAME = AppIcon;
				ASSETCATALOG_COMPILER_GLOBAL_ACCENT_COLOR_NAME = AccentColor;
				CODE_SIGN_STYLE = Automatic;
				CURRENT_PROJECT_VERSION = 1;
				DEVELOPMENT_ASSET_PATHS = "\"fizzBuzz/Preview Content\"";
				ENABLE_PREVIEWS = YES;
				GENERATE_INFOPLIST_FILE = YES;
				INFOPLIST_KEY_UIApplicationSceneManifest_Generation = YES;
				INFOPLIST_KEY_UIApplicationSupportsIndirectInputEvents = YES;
				INFOPLIST_KEY_UILaunchScreen_Generation = YES;
				INFOPLIST_KEY_UISupportedInterfaceOrientations_iPad = "UIInterfaceOrientationPortrait UIInterfaceOrientationPortraitUpsideDown UIInterfaceOrientationLandscapeLeft UIInterfaceOrientationLandscapeRight";
				INFOPLIST_KEY_UISupportedInterfaceOrientations_iPhone = "UIInterfaceOrientationPortrait UIInterfaceOrientationLandscapeLeft UIInterfaceOrientationLandscapeRight";
				LD_RUNPATH_SEARCH_PATHS = (
					"$(inherited)",
					"@executable_path/Frameworks",
				);
				MARKETING_VERSION = 1.0;
				PRODUCT_BUNDLE_IDENTIFIER = com.test.fizzBuzz;
				PRODUCT_NAME = "$(TARGET_NAME)";
				SWIFT_EMIT_LOC_STRINGS = YES;
				SWIFT_VERSION = 5.0;
				TARGETED_DEVICE_FAMILY = "1,2";
			};
			name = Debug;
		};
		796A1F8828E1A82E00615F59 /* Release */ = {
			isa = XCBuildConfiguration;
			buildSettings = {
				ASSETCATALOG_COMPILER_APPICON_NAME = AppIcon;
				ASSETCATALOG_COMPILER_GLOBAL_ACCENT_COLOR_NAME = AccentColor;
				CODE_SIGN_STYLE = Automatic;
				CURRENT_PROJECT_VERSION = 1;
				DEVELOPMENT_ASSET_PATHS = "\"fizzBuzz/Preview Content\"";
				ENABLE_PREVIEWS = YES;
				GENERATE_INFOPLIST_FILE = YES;
				INFOPLIST_KEY_UIApplicationSceneManifest_Generation = YES;
				INFOPLIST_KEY_UIApplicationSupportsIndirectInputEvents = YES;
				INFOPLIST_KEY_UILaunchScreen_Generation = YES;
				INFOPLIST_KEY_UISupportedInterfaceOrientations_iPad = "UIInterfaceOrientationPortrait UIInterfaceOrientationPortraitUpsideDown UIInterfaceOrientationLandscapeLeft UIInterfaceOrientationLandscapeRight";
				INFOPLIST_KEY_UISupportedInterfaceOrientations_iPhone = "UIInterfaceOrientationPortrait UIInterfaceOrientationLandscapeLeft UIInterfaceOrientationLandscapeRight";
				LD_RUNPATH_SEARCH_PATHS = (
					"$(inherited)",
					"@executable_path/Frameworks",
				);
				MARKETING_VERSION = 1.0;
				PRODUCT_BUNDLE_IDENTIFIER = com.test.fizzBuzz;
				PRODUCT_NAME = "$(TARGET_NAME)";
				SWIFT_EMIT_LOC_STRINGS = YES;
				SWIFT_VERSION = 5.0;
				TARGETED_DEVICE_FAMILY = "1,2";
			};
			name = Release;
		};
		796A1F8A28E1A82E00615F59 /* Debug */ = {
			isa = XCBuildConfiguration;
			buildSettings = {
				ALWAYS_EMBED_SWIFT_STANDARD_LIBRARIES = YES;
				BUNDLE_LOADER = "$(TEST_HOST)";
				CODE_SIGN_STYLE = Automatic;
				CURRENT_PROJECT_VERSION = 1;
				GENERATE_INFOPLIST_FILE = YES;
				IPHONEOS_DEPLOYMENT_TARGET = 15.2;
				MARKETING_VERSION = 1.0;
				PRODUCT_BUNDLE_IDENTIFIER = com.test.fizzBuzzTests;
				PRODUCT_NAME = "$(TARGET_NAME)";
				SWIFT_EMIT_LOC_STRINGS = NO;
				SWIFT_VERSION = 5.0;
				TARGETED_DEVICE_FAMILY = "1,2";
				TEST_HOST = "$(BUILT_PRODUCTS_DIR)/fizzBuzz.app/fizzBuzz";
			};
			name = Debug;
		};
		796A1F8B28E1A82E00615F59 /* Release */ = {
			isa = XCBuildConfiguration;
			buildSettings = {
				ALWAYS_EMBED_SWIFT_STANDARD_LIBRARIES = YES;
				BUNDLE_LOADER = "$(TEST_HOST)";
				CODE_SIGN_STYLE = Automatic;
				CURRENT_PROJECT_VERSION = 1;
				GENERATE_INFOPLIST_FILE = YES;
				IPHONEOS_DEPLOYMENT_TARGET = 15.2;
				MARKETING_VERSION = 1.0;
				PRODUCT_BUNDLE_IDENTIFIER = com.test.fizzBuzzTests;
				PRODUCT_NAME = "$(TARGET_NAME)";
				SWIFT_EMIT_LOC_STRINGS = NO;
				SWIFT_VERSION = 5.0;
				TARGETED_DEVICE_FAMILY = "1,2";
				TEST_HOST = "$(BUILT_PRODUCTS_DIR)/fizzBuzz.app/fizzBuzz";
			};
			name = Release;
		};
		796A1F8D28E1A82E00615F59 /* Debug */ = {
			isa = XCBuildConfiguration;
			buildSettings = {
				ALWAYS_EMBED_SWIFT_STANDARD_LIBRARIES = YES;
				CODE_SIGN_STYLE = Automatic;
				CURRENT_PROJECT_VERSION = 1;
				GENERATE_INFOPLIST_FILE = YES;
				MARKETING_VERSION = 1.0;
				PRODUCT_BUNDLE_IDENTIFIER = com.test.fizzBuzzUITests;
				PRODUCT_NAME = "$(TARGET_NAME)";
				SWIFT_EMIT_LOC_STRINGS = NO;
				SWIFT_VERSION = 5.0;
				TARGETED_DEVICE_FAMILY = "1,2";
				TEST_TARGET_NAME = fizzBuzz;
			};
			name = Debug;
		};
		796A1F8E28E1A82E00615F59 /* Release */ = {
			isa = XCBuildConfiguration;
			buildSettings = {
				ALWAYS_EMBED_SWIFT_STANDARD_LIBRARIES = YES;
				CODE_SIGN_STYLE = Automatic;
				CURRENT_PROJECT_VERSION = 1;
				GENERATE_INFOPLIST_FILE = YES;
				MARKETING_VERSION = 1.0;
				PRODUCT_BUNDLE_IDENTIFIER = com.test.fizzBuzzUITests;
				PRODUCT_NAME = "$(TARGET_NAME)";
				SWIFT_EMIT_LOC_STRINGS = NO;
				SWIFT_VERSION = 5.0;
				TARGETED_DEVICE_FAMILY = "1,2";
				TEST_TARGET_NAME = fizzBuzz;
			};
			name = Release;
		};
/* End XCBuildConfiguration section */

/* Begin XCConfigurationList section */
		796A1F5D28E1A82700615F59 /* Build configuration list for PBXProject "fizzBuzz" */ = {
			isa = XCConfigurationList;
			buildConfigurations = (
				796A1F8428E1A82E00615F59 /* Debug */,
				796A1F8528E1A82E00615F59 /* Release */,
			);
			defaultConfigurationIsVisible = 0;
			defaultConfigurationName = Release;
		};
		796A1F8628E1A82E00615F59 /* Build configuration list for PBXNativeTarget "fizzBuzz" */ = {
			isa = XCConfigurationList;
			buildConfigurations = (
				796A1F8728E1A82E00615F59 /* Debug */,
				796A1F8828E1A82E00615F59 /* Release */,
			);
			defaultConfigurationIsVisible = 0;
			defaultConfigurationName = Release;
		};
		796A1F8928E1A82E00615F59 /* Build configuration list for PBXNativeTarget "fizzBuzzTests" */ = {
			isa = XCConfigurationList;
			buildConfigurations = (
				796A1F8A28E1A82E00615F59 /* Debug */,
				796A1F8B28E1A82E00615F59 /* Release */,
			);
			defaultConfigurationIsVisible = 0;
			defaultConfigurationName = Release;
		};
		796A1F8C28E1A82E00615F59 /* Build configuration list for PBXNativeTarget "fizzBuzzUITests" */ = {
			isa = XCConfigurationList;
			buildConfigurations = (
				796A1F8D28E1A82E00615F59 /* Debug */,
				796A1F8E28E1A82E00615F59 /* Release */,
			);
			defaultConfigurationIsVisible = 0;
			defaultConfigurationName = Release;
		};
/* End XCConfigurationList section */
	};
	rootObject = 796A1F5A28E1A82700615F59 /* Project object */;
}
